
Microsoft Visual Studio Solution File, Format Version 12.00
# Visual Studio Version 17
VisualStudioVersion = 17.5.002.0
MinimumVisualStudioVersion = 10.0.40219.1
Project("{9A19103F-16F7-4668-BE54-9A1E7A4F7556}") = "Start", "Start.csproj", "{10E94EEE-71E4-4663-9E32-5AF82B217735}"
EndProject
Project("{2150E333-8FDC-42A3-9474-1A3956D46DE8}") = "Start (1)", "Start", "{B8CCDCF5-3511-4608-8170-7A564CEC4C55}"
EndProject
Project("{2150E333-8FDC-42A3-9474-1A3956D46DE8}") = "Files", "Files", "{31C648E1-7584-4964-8A99-60586E1A7F0E}"
EndProject
Project("{9A19103F-16F7-4668-BE54-9A1E7A4F7556}") = "CreateFiles", "Start\Files\CreateFiles\CreateFiles.csproj", "{3E3C841B-7F41-40A3-B5ED-E7495BAD47BD}"
EndProject
Project("{9A19103F-16F7-4668-BE54-9A1E7A4F7556}") = "Directories", "Start\Files\Directories\Directories.csproj", "{12637784-1304-4E0E-903B-7CE2D8AAF0D4}"
EndProject
Project("{9A19103F-16F7-4668-BE54-9A1E7A4F7556}") = "FileInfo", "Start\Files\FileInfo\FileInfo.csproj", "{9D96921E-F63C-4343-A711-186EAF44274A}"
EndProject
Project("{9A19103F-16F7-4668-BE54-9A1E7A4F7556}") = "ReadWriteFiles", "Start\Files\ReadWriteFiles\ReadWriteFiles.csproj", "{6135724E-5A8A-4198-BE30-F7C5849C2A46}"
EndProject
Project("{2150E333-8FDC-42A3-9474-1A3956D46DE8}") = "NumbersDates", "NumbersDates", "{F1F37F1E-4864-421D-8A17-FD91B15AA867}"
EndProject
Project("{9A19103F-16F7-4668-BE54-9A1E7A4F7556}") = "DateTimeClass", "Start\NumbersDates\DateTimeClass\DateTimeClass.csproj", "{A4C9BF46-422B-4CAD-9336-87EDF47B0572}"
EndProject
Project("{9A19103F-16F7-4668-BE54-9A1E7A4F7556}") = "FormatDates", "Start\NumbersDates\FormatDates\FormatDates.csproj", "{0455C8EB-AF94-45C8-BD7A-B3E2C02AB0F2}"
EndProject
Project("{9A19103F-16F7-4668-BE54-9A1E7A4F7556}") = "FormatNumbers", "Start\NumbersDates\FormatNumbers\FormatNumbers.csproj", "{208D7414-4E2B-4A0C-8909-80176807A18D}"
EndProject
Project("{9A19103F-16F7-4668-BE54-9A1E7A4F7556}") = "ParseDates", "Start\NumbersDates\ParseDates\ParseDates.csproj", "{4416D0B2-A847-4CA9-8E5B-5FD6E5D00365}"
EndProject
Project("{9A19103F-16F7-4668-BE54-9A1E7A4F7556}") = "ParseNumbers", "Start\NumbersDates\ParseNumbers\ParseNumbers.csproj", "{81711B0C-0A14-4973-93E0-449B2DF614C3}"
EndProject
Project("{2150E333-8FDC-42A3-9474-1A3956D46DE8}") = "Overview", "Overview", "{49E27E96-81C7-414B-A6FC-08D758376B3D}"
EndProject
Project("{9A19103F-16F7-4668-BE54-9A1E7A4F7556}") = "DataTypes", "Start\Overview\DataTypes\DataTypes.csproj", "{FC6F203D-FE68-471F-8C67-C2550B24805F}"
EndProject
Project("{9A19103F-16F7-4668-BE54-9A1E7A4F7556}") = "GarbageCollect", "Start\Overview\GarbageCollect\GarbageCollect.csproj", "{110266AC-8445-4A5E-BF35-0A62F974E27D}"
EndProject
Project("{9A19103F-16F7-4668-BE54-9A1E7A4F7556}") = "MyConsoleApp", "Start\Overview\MyConsoleApp\MyConsoleApp.csproj", "{A874EF13-8338-468A-A030-466BD7D69325}"
EndProject
Project("{2150E333-8FDC-42A3-9474-1A3956D46DE8}") = "Regex", "Regex", "{244C3B3F-243F-4181-8EF7-41D868C68CB2}"
EndProject
Project("{9A19103F-16F7-4668-BE54-9A1E7A4F7556}") = "Finding", "Start\Regex\Finding\Finding.csproj", "{36C20143-2E86-4ACF-BB2E-12FD61F17A9F}"
EndProject
Project("{9A19103F-16F7-4668-BE54-9A1E7A4F7556}") = "Replacing", "Start\Regex\Replacing\Replacing.csproj", "{197E012C-626E-419B-86F7-7F0BBC1F37BF}"
EndProject
Project("{9A19103F-16F7-4668-BE54-9A1E7A4F7556}") = "RegexTimeouts", "Start\Regex\Timeouts\RegexTimeouts.csproj", "{DB18CD99-F46B-4F29-B246-18E3A7B846E7}"
EndProject
Project("{2150E333-8FDC-42A3-9474-1A3956D46DE8}") = "Strings", "Strings", "{6978E2BC-E272-4FC5-BFDD-CA32447C1F13}"
EndProject
Project("{9A19103F-16F7-4668-BE54-9A1E7A4F7556}") = "Formatting", "Start\Strings\Formatting\Formatting.csproj", "{9F8BF47B-42A1-4DF7-AD18-354954F0F0EF}"
EndProject
Project("{9A19103F-16F7-4668-BE54-9A1E7A4F7556}") = "Interpolation", "Start\Strings\Interpolation\Interpolation.csproj", "{70151C73-1EC7-4E71-800E-A949847AC616}"
EndProject
Project("{9A19103F-16F7-4668-BE54-9A1E7A4F7556}") = "Manipulation", "Start\Strings\Manipulation\Manipulation.csproj", "{07223C20-87A8-4217-B945-C05A5B4F9B8E}"
EndProject
Project("{9A19103F-16F7-4668-BE54-9A1E7A4F7556}") = "Searching", "Start\Strings\Searching\Searching.csproj", "{3863B667-F65A-42B6-96DC-3450742AA46D}"
EndProject
Global
	GlobalSection(SolutionConfigurationPlatforms) = preSolution
		Debug|Any CPU = Debug|Any CPU
		Release|Any CPU = Release|Any CPU
	EndGlobalSection
	GlobalSection(ProjectConfigurationPlatforms) = postSolution
		{10E94EEE-71E4-4663-9E32-5AF82B217735}.Debug|Any CPU.ActiveCfg = Debug|Any CPU
		{10E94EEE-71E4-4663-9E32-5AF82B217735}.Debug|Any CPU.Build.0 = Debug|Any CPU
		{10E94EEE-71E4-4663-9E32-5AF82B217735}.Release|Any CPU.ActiveCfg = Release|Any CPU
		{10E94EEE-71E4-4663-9E32-5AF82B217735}.Release|Any CPU.Build.0 = Release|Any CPU
		{3E3C841B-7F41-40A3-B5ED-E7495BAD47BD}.Debug|Any CPU.ActiveCfg = Debug|Any CPU
		{3E3C841B-7F41-40A3-B5ED-E7495BAD47BD}.Debug|Any CPU.Build.0 = Debug|Any CPU
		{3E3C841B-7F41-40A3-B5ED-E7495BAD47BD}.Release|Any CPU.ActiveCfg = Release|Any CPU
		{3E3C841B-7F41-40A3-B5ED-E7495BAD47BD}.Release|Any CPU.Build.0 = Release|Any CPU
		{12637784-1304-4E0E-903B-7CE2D8AAF0D4}.Debug|Any CPU.ActiveCfg = Debug|Any CPU
		{12637784-1304-4E0E-903B-7CE2D8AAF0D4}.Debug|Any CPU.Build.0 = Debug|Any CPU
		{12637784-1304-4E0E-903B-7CE2D8AAF0D4}.Release|Any CPU.ActiveCfg = Release|Any CPU
		{12637784-1304-4E0E-903B-7CE2D8AAF0D4}.Release|Any CPU.Build.0 = Release|Any CPU
		{9D96921E-F63C-4343-A711-186EAF44274A}.Debug|Any CPU.ActiveCfg = Debug|Any CPU
		{9D96921E-F63C-4343-A711-186EAF44274A}.Debug|Any CPU.Build.0 = Debug|Any CPU
		{9D96921E-F63C-4343-A711-186EAF44274A}.Release|Any CPU.ActiveCfg = Release|Any CPU
		{9D96921E-F63C-4343-A711-186EAF44274A}.Release|Any CPU.Build.0 = Release|Any CPU
		{6135724E-5A8A-4198-BE30-F7C5849C2A46}.Debug|Any CPU.ActiveCfg = Debug|Any CPU
		{6135724E-5A8A-4198-BE30-F7C5849C2A46}.Debug|Any CPU.Build.0 = Debug|Any CPU
		{6135724E-5A8A-4198-BE30-F7C5849C2A46}.Release|Any CPU.ActiveCfg = Release|Any CPU
		{6135724E-5A8A-4198-BE30-F7C5849C2A46}.Release|Any CPU.Build.0 = Release|Any CPU
		{A4C9BF46-422B-4CAD-9336-87EDF47B0572}.Debug|Any CPU.ActiveCfg = Debug|Any CPU
		{A4C9BF46-422B-4CAD-9336-87EDF47B0572}.Debug|Any CPU.Build.0 = Debug|Any CPU
		{A4C9BF46-422B-4CAD-9336-87EDF47B0572}.Release|Any CPU.ActiveCfg = Release|Any CPU
		{A4C9BF46-422B-4CAD-9336-87EDF47B0572}.Release|Any CPU.Build.0 = Release|Any CPU
		{0455C8EB-AF94-45C8-BD7A-B3E2C02AB0F2}.Debug|Any CPU.ActiveCfg = Debug|Any CPU
		{0455C8EB-AF94-45C8-BD7A-B3E2C02AB0F2}.Debug|Any CPU.Build.0 = Debug|Any CPU
		{0455C8EB-AF94-45C8-BD7A-B3E2C02AB0F2}.Release|Any CPU.ActiveCfg = Release|Any CPU
		{0455C8EB-AF94-45C8-BD7A-B3E2C02AB0F2}.Release|Any CPU.Build.0 = Release|Any CPU
		{208D7414-4E2B-4A0C-8909-80176807A18D}.Debug|Any CPU.ActiveCfg = Debug|Any CPU
		{208D7414-4E2B-4A0C-8909-80176807A18D}.Debug|Any CPU.Build.0 = Debug|Any CPU
		{208D7414-4E2B-4A0C-8909-80176807A18D}.Release|Any CPU.ActiveCfg = Release|Any CPU
		{208D7414-4E2B-4A0C-8909-80176807A18D}.Release|Any CPU.Build.0 = Release|Any CPU
		{4416D0B2-A847-4CA9-8E5B-5FD6E5D00365}.Debug|Any CPU.ActiveCfg = Debug|Any CPU
		{4416D0B2-A847-4CA9-8E5B-5FD6E5D00365}.Debug|Any CPU.Build.0 = Debug|Any CPU
		{4416D0B2-A847-4CA9-8E5B-5FD6E5D00365}.Release|Any CPU.ActiveCfg = Release|Any CPU
		{4416D0B2-A847-4CA9-8E5B-5FD6E5D00365}.Release|Any CPU.Build.0 = Release|Any CPU
		{81711B0C-0A14-4973-93E0-449B2DF614C3}.Debug|Any CPU.ActiveCfg = Debug|Any CPU
		{81711B0C-0A14-4973-93E0-449B2DF614C3}.Debug|Any CPU.Build.0 = Debug|Any CPU
		{81711B0C-0A14-4973-93E0-449B2DF614C3}.Release|Any CPU.ActiveCfg = Release|Any CPU
		{81711B0C-0A14-4973-93E0-449B2DF614C3}.Release|Any CPU.Build.0 = Release|Any CPU
		{FC6F203D-FE68-471F-8C67-C2550B24805F}.Debug|Any CPU.ActiveCfg = Debug|Any CPU
		{FC6F203D-FE68-471F-8C67-C2550B24805F}.Debug|Any CPU.Build.0 = Debug|Any CPU
		{FC6F203D-FE68-471F-8C67-C2550B24805F}.Release|Any CPU.ActiveCfg = Release|Any CPU
		{FC6F203D-FE68-471F-8C67-C2550B24805F}.Release|Any CPU.Build.0 = Release|Any CPU
		{110266AC-8445-4A5E-BF35-0A62F974E27D}.Debug|Any CPU.ActiveCfg = Debug|Any CPU
		{110266AC-8445-4A5E-BF35-0A62F974E27D}.Debug|Any CPU.Build.0 = Debug|Any CPU
		{110266AC-8445-4A5E-BF35-0A62F974E27D}.Release|Any CPU.ActiveCfg = Release|Any CPU
		{110266AC-8445-4A5E-BF35-0A62F974E27D}.Release|Any CPU.Build.0 = Release|Any CPU
		{A874EF13-8338-468A-A030-466BD7D69325}.Debug|Any CPU.ActiveCfg = Debug|Any CPU
		{A874EF13-8338-468A-A030-466BD7D69325}.Debug|Any CPU.Build.0 = Debug|Any CPU
		{A874EF13-8338-468A-A030-466BD7D69325}.Release|Any CPU.ActiveCfg = Release|Any CPU
		{A874EF13-8338-468A-A030-466BD7D69325}.Release|Any CPU.Build.0 = Release|Any CPU
		{36C20143-2E86-4ACF-BB2E-12FD61F17A9F}.Debug|Any CPU.ActiveCfg = Debug|Any CPU
		{36C20143-2E86-4ACF-BB2E-12FD61F17A9F}.Debug|Any CPU.Build.0 = Debug|Any CPU
		{36C20143-2E86-4ACF-BB2E-12FD61F17A9F}.Release|Any CPU.ActiveCfg = Release|Any CPU
		{36C20143-2E86-4ACF-BB2E-12FD61F17A9F}.Release|Any CPU.Build.0 = Release|Any CPU
		{197E012C-626E-419B-86F7-7F0BBC1F37BF}.Debug|Any CPU.ActiveCfg = Debug|Any CPU
		{197E012C-626E-419B-86F7-7F0BBC1F37BF}.Debug|Any CPU.Build.0 = Debug|Any CPU
		{197E012C-626E-419B-86F7-7F0BBC1F37BF}.Release|Any CPU.ActiveCfg = Release|Any CPU
		{197E012C-626E-419B-86F7-7F0BBC1F37BF}.Release|Any CPU.Build.0 = Release|Any CPU
		{DB18CD99-F46B-4F29-B246-18E3A7B846E7}.Debug|Any CPU.ActiveCfg = Debug|Any CPU
		{DB18CD99-F46B-4F29-B246-18E3A7B846E7}.Debug|Any CPU.Build.0 = Debug|Any CPU
		{DB18CD99-F46B-4F29-B246-18E3A7B846E7}.Release|Any CPU.ActiveCfg = Release|Any CPU
		{DB18CD99-F46B-4F29-B246-18E3A7B846E7}.Release|Any CPU.Build.0 = Release|Any CPU
		{9F8BF47B-42A1-4DF7-AD18-354954F0F0EF}.Debug|Any CPU.ActiveCfg = Debug|Any CPU
		{9F8BF47B-42A1-4DF7-AD18-354954F0F0EF}.Debug|Any CPU.Build.0 = Debug|Any CPU
		{9F8BF47B-42A1-4DF7-AD18-354954F0F0EF}.Release|Any CPU.ActiveCfg = Release|Any CPU
		{9F8BF47B-42A1-4DF7-AD18-354954F0F0EF}.Release|Any CPU.Build.0 = Release|Any CPU
		{70151C73-1EC7-4E71-800E-A949847AC616}.Debug|Any CPU.ActiveCfg = Debug|Any CPU
		{70151C73-1EC7-4E71-800E-A949847AC616}.Debug|Any CPU.Build.0 = Debug|Any CPU
		{70151C73-1EC7-4E71-800E-A949847AC616}.Release|Any CPU.ActiveCfg = Release|Any CPU
		{70151C73-1EC7-4E71-800E-A949847AC616}.Release|Any CPU.Build.0 = Release|Any CPU
		{07223C20-87A8-4217-B945-C05A5B4F9B8E}.Debug|Any CPU.ActiveCfg = Debug|Any CPU
		{07223C20-87A8-4217-B945-C05A5B4F9B8E}.Debug|Any CPU.Build.0 = Debug|Any CPU
		{07223C20-87A8-4217-B945-C05A5B4F9B8E}.Release|Any CPU.ActiveCfg = Release|Any CPU
		{07223C20-87A8-4217-B945-C05A5B4F9B8E}.Release|Any CPU.Build.0 = Release|Any CPU
		{3863B667-F65A-42B6-96DC-3450742AA46D}.Debug|Any CPU.ActiveCfg = Debug|Any CPU
		{3863B667-F65A-42B6-96DC-3450742AA46D}.Debug|Any CPU.Build.0 = Debug|Any CPU
		{3863B667-F65A-42B6-96DC-3450742AA46D}.Release|Any CPU.ActiveCfg = Release|Any CPU
		{3863B667-F65A-42B6-96DC-3450742AA46D}.Release|Any CPU.Build.0 = Release|Any CPU
	EndGlobalSection
	GlobalSection(SolutionProperties) = preSolution
		HideSolutionNode = FALSE
	EndGlobalSection
	GlobalSection(NestedProjects) = preSolution
		{31C648E1-7584-4964-8A99-60586E1A7F0E} = {B8CCDCF5-3511-4608-8170-7A564CEC4C55}
		{3E3C841B-7F41-40A3-B5ED-E7495BAD47BD} = {31C648E1-7584-4964-8A99-60586E1A7F0E}
		{12637784-1304-4E0E-903B-7CE2D8AAF0D4} = {31C648E1-7584-4964-8A99-60586E1A7F0E}
		{9D96921E-F63C-4343-A711-186EAF44274A} = {31C648E1-7584-4964-8A99-60586E1A7F0E}
		{6135724E-5A8A-4198-BE30-F7C5849C2A46} = {31C648E1-7584-4964-8A99-60586E1A7F0E}
		{F1F37F1E-4864-421D-8A17-FD91B15AA867} = {B8CCDCF5-3511-4608-8170-7A564CEC4C55}
		{A4C9BF46-422B-4CAD-9336-87EDF47B0572} = {F1F37F1E-4864-421D-8A17-FD91B15AA867}
		{0455C8EB-AF94-45C8-BD7A-B3E2C02AB0F2} = {F1F37F1E-4864-421D-8A17-FD91B15AA867}
		{208D7414-4E2B-4A0C-8909-80176807A18D} = {F1F37F1E-4864-421D-8A17-FD91B15AA867}
		{4416D0B2-A847-4CA9-8E5B-5FD6E5D00365} = {F1F37F1E-4864-421D-8A17-FD91B15AA867}
		{81711B0C-0A14-4973-93E0-449B2DF614C3} = {F1F37F1E-4864-421D-8A17-FD91B15AA867}
		{49E27E96-81C7-414B-A6FC-08D758376B3D} = {B8CCDCF5-3511-4608-8170-7A564CEC4C55}
		{FC6F203D-FE68-471F-8C67-C2550B24805F} = {49E27E96-81C7-414B-A6FC-08D758376B3D}
		{110266AC-8445-4A5E-BF35-0A62F974E27D} = {49E27E96-81C7-414B-A6FC-08D758376B3D}
		{A874EF13-8338-468A-A030-466BD7D69325} = {49E27E96-81C7-414B-A6FC-08D758376B3D}
		{244C3B3F-243F-4181-8EF7-41D868C68CB2} = {B8CCDCF5-3511-4608-8170-7A564CEC4C55}
		{36C20143-2E86-4ACF-BB2E-12FD61F17A9F} = {244C3B3F-243F-4181-8EF7-41D868C68CB2}
		{197E012C-626E-419B-86F7-7F0BBC1F37BF} = {244C3B3F-243F-4181-8EF7-41D868C68CB2}
		{DB18CD99-F46B-4F29-B246-18E3A7B846E7} = {244C3B3F-243F-4181-8EF7-41D868C68CB2}
		{6978E2BC-E272-4FC5-BFDD-CA32447C1F13} = {B8CCDCF5-3511-4608-8170-7A564CEC4C55}
		{9F8BF47B-42A1-4DF7-AD18-354954F0F0EF} = {6978E2BC-E272-4FC5-BFDD-CA32447C1F13}
		{70151C73-1EC7-4E71-800E-A949847AC616} = {6978E2BC-E272-4FC5-BFDD-CA32447C1F13}
		{07223C20-87A8-4217-B945-C05A5B4F9B8E} = {6978E2BC-E272-4FC5-BFDD-CA32447C1F13}
		{3863B667-F65A-42B6-96DC-3450742AA46D} = {6978E2BC-E272-4FC5-BFDD-CA32447C1F13}
	EndGlobalSection
	GlobalSection(ExtensibilityGlobals) = postSolution
		SolutionGuid = {E3A7947C-B366-4FD3-96AD-C183A2545520}
	EndGlobalSection
EndGlobal
